
Microsoft Visual Studio Solution File, Format Version 12.00
# Visual Studio Version 17
VisualStudioVersion = 17.7.34009.444
MinimumVisualStudioVersion = 10.0.40219.1
Project("{FAE04EC0-301F-11D3-BF4B-00C04F79EFBC}") = "DemoMediatR", "DemoMediatR\DemoMediatR.csproj", "{4A81B336-5F4C-48C7-9120-35DCC97B7518}"
EndProject
Global
	GlobalSection(SolutionConfigurationPlatforms) = preSolution
		Debug|Any CPU = Debug|Any CPU
		Release|Any CPU = Release|Any CPU
	EndGlobalSection
	GlobalSection(ProjectConfigurationPlatforms) = postSolution
		{4A81B336-5F4C-48C7-9120-35DCC97B7518}.Debug|Any CPU.ActiveCfg = Debug|Any CPU
		{4A81B336-5F4C-48C7-9120-35DCC97B7518}.Debug|Any CPU.Build.0 = Debug|Any CPU
		{4A81B336-5F4C-48C7-9120-35DCC97B7518}.Release|Any CPU.ActiveCfg = Release|Any CPU
		{4A81B336-5F4C-48C7-9120-35DCC97B7518}.Release|Any CPU.Build.0 = Release|Any CPU
	EndGlobalSection
	GlobalSection(SolutionProperties) = preSolution
		HideSolutionNode = FALSE
	EndGlobalSection
	GlobalSection(ExtensibilityGlobals) = postSolution
		SolutionGuid = {9A4CE53C-1682-495F-8E13-9EA599E7371F}
	EndGlobalSection
EndGlobal
